
Microsoft Visual Studio Solution File, Format Version 12.00
# Visual Studio Version 16
VisualStudioVersion = 16.0.30320.27
MinimumVisualStudioVersion = 10.0.40219.1
Project("{FAE04EC0-301F-11D3-BF4B-00C04F79EFBC}") = "KarMenago", "KarMenago.csproj", "{78FEB5AA-DE0D-4901-981B-710142D3633C}"
EndProject
Global
	GlobalSection(SolutionConfigurationPlatforms) = preSolution
		Debug|Any CPU = Debug|Any CPU
		Release|Any CPU = Release|Any CPU
	EndGlobalSection
	GlobalSection(ProjectConfigurationPlatforms) = postSolution
		{78FEB5AA-DE0D-4901-981B-710142D3633C}.Debug|Any CPU.ActiveCfg = Debug|Any CPU
		{78FEB5AA-DE0D-4901-981B-710142D3633C}.Debug|Any CPU.Build.0 = Debug|Any CPU
		{78FEB5AA-DE0D-4901-981B-710142D3633C}.Release|Any CPU.ActiveCfg = Release|Any CPU
		{78FEB5AA-DE0D-4901-981B-710142D3633C}.Release|Any CPU.Build.0 = Release|Any CPU
	EndGlobalSection
	GlobalSection(SolutionProperties) = preSolution
		HideSolutionNode = FALSE
	EndGlobalSection
	GlobalSection(ExtensibilityGlobals) = postSolution
		SolutionGuid = {2764DA36-85C1-4172-944A-5D532F85707D}
	EndGlobalSection
EndGlobal
